// !$*UTF8*$!
{
	archiveVersion = 1;
	classes = {
	};
	objectVersion = 56;
	objects = {

/* Begin PBXBuildFile section */
		6A05FB9A2B67A57200CA08E5 /* SearchBarSwiftUIApp.swift in Sources */ = {isa = PBXBuildFile; fileRef = 6A05FB992B67A57200CA08E5 /* SearchBarSwiftUIApp.swift */; };
		6A05FB9C2B67A57200CA08E5 /* ContentView.swift in Sources */ = {isa = PBXBuildFile; fileRef = 6A05FB9B2B67A57200CA08E5 /* ContentView.swift */; };
		6A05FB9E2B67A57400CA08E5 /* Assets.xcassets in Resources */ = {isa = PBXBuildFile; fileRef = 6A05FB9D2B67A57400CA08E5 /* Assets.xcassets */; };
		6A05FBA12B67A57400CA08E5 /* Preview Assets.xcassets in Resources */ = {isa = PBXBuildFile; fileRef = 6A05FBA02B67A57400CA08E5 /* Preview Assets.xcassets */; };
		6A05FBA32B67A57400CA08E5 /* Persistence.swift in Sources */ = {isa = PBXBuildFile; fileRef = 6A05FBA22B67A57400CA08E5 /* Persistence.swift */; };
		6A05FBA62B67A57400CA08E5 /* SearchBarSwiftUI.xcdatamodeld in Sources */ = {isa = PBXBuildFile; fileRef = 6A05FBA42B67A57400CA08E5 /* SearchBarSwiftUI.xcdatamodeld */; };
		6A05FBAD2B67A73800CA08E5 /* SearchBarView.swift in Sources */ = {isa = PBXBuildFile; fileRef = 6A05FBAC2B67A73800CA08E5 /* SearchBarView.swift */; };
		6A05FBAF2B67CFF500CA08E5 /* NetworkLayer.swift in Sources */ = {isa = PBXBuildFile; fileRef = 6A05FBAE2B67CFF400CA08E5 /* NetworkLayer.swift */; };
		6A06E0712B691F420096C7A9 /* HTTP.swift in Sources */ = {isa = PBXBuildFile; fileRef = 6A06E0702B691F420096C7A9 /* HTTP.swift */; };
		6A06E0732B691F5A0096C7A9 /* Endpoint.swift in Sources */ = {isa = PBXBuildFile; fileRef = 6A06E0722B691F5A0096C7A9 /* Endpoint.swift */; };
		6A06E0762B6920B30096C7A9 /* Post.swift in Sources */ = {isa = PBXBuildFile; fileRef = 6A06E0752B6920B30096C7A9 /* Post.swift */; };
		6AA722812B698BEA005FBB93 /* Constants.swift in Sources */ = {isa = PBXBuildFile; fileRef = 6AA722802B698BEA005FBB93 /* Constants.swift */; };
/* End PBXBuildFile section */

/* Begin PBXFileReference section */
		6A05FB962B67A57200CA08E5 /* SearchBarSwiftUI.app */ = {isa = PBXFileReference; explicitFileType = wrapper.application; includeInIndex = 0; path = SearchBarSwiftUI.app; sourceTree = BUILT_PRODUCTS_DIR; };
		6A05FB992B67A57200CA08E5 /* SearchBarSwiftUIApp.swift */ = {isa = PBXFileReference; lastKnownFileType = sourcecode.swift; path = SearchBarSwiftUIApp.swift; sourceTree = "<group>"; };
		6A05FB9B2B67A57200CA08E5 /* ContentView.swift */ = {isa = PBXFileReference; lastKnownFileType = sourcecode.swift; path = ContentView.swift; sourceTree = "<group>"; };
		6A05FB9D2B67A57400CA08E5 /* Assets.xcassets */ = {isa = PBXFileReference; lastKnownFileType = folder.assetcatalog; path = Assets.xcassets; sourceTree = "<group>"; };
		6A05FBA02B67A57400CA08E5 /* Preview Assets.xcassets */ = {isa = PBXFileReference; lastKnownFileType = folder.assetcatalog; path = "Preview Assets.xcassets"; sourceTree = "<group>"; };
		6A05FBA22B67A57400CA08E5 /* Persistence.swift */ = {isa = PBXFileReference; lastKnownFileType = sourcecode.swift; path = Persistence.swift; sourceTree = "<group>"; };
		6A05FBA52B67A57400CA08E5 /* SearchBarSwiftUI.xcdatamodel */ = {isa = PBXFileReference; lastKnownFileType = wrapper.xcdatamodel; path = SearchBarSwiftUI.xcdatamodel; sourceTree = "<group>"; };
		6A05FBAC2B67A73800CA08E5 /* SearchBarView.swift */ = {isa = PBXFileReference; lastKnownFileType = sourcecode.swift; path = SearchBarView.swift; sourceTree = "<group>"; };
		6A05FBAE2B67CFF400CA08E5 /* NetworkLayer.swift */ = {isa = PBXFileReference; lastKnownFileType = sourcecode.swift; path = NetworkLayer.swift; sourceTree = "<group>"; };
		6A06E0702B691F420096C7A9 /* HTTP.swift */ = {isa = PBXFileReference; lastKnownFileType = sourcecode.swift; path = HTTP.swift; sourceTree = "<group>"; };
		6A06E0722B691F5A0096C7A9 /* Endpoint.swift */ = {isa = PBXFileReference; lastKnownFileType = sourcecode.swift; path = Endpoint.swift; sourceTree = "<group>"; };
		6A06E0752B6920B30096C7A9 /* Post.swift */ = {isa = PBXFileReference; lastKnownFileType = sourcecode.swift; path = Post.swift; sourceTree = "<group>"; };
		6AA722802B698BEA005FBB93 /* Constants.swift */ = {isa = PBXFileReference; lastKnownFileType = sourcecode.swift; path = Constants.swift; sourceTree = "<group>"; };
/* End PBXFileReference section */

/* Begin PBXFrameworksBuildPhase section */
		6A05FB932B67A57200CA08E5 /* Frameworks */ = {
			isa = PBXFrameworksBuildPhase;
			buildActionMask = 2147483647;
			files = (
			);
			runOnlyForDeploymentPostprocessing = 0;
		};
/* End PBXFrameworksBuildPhase section */

/* Begin PBXGroup section */
		6A05FB8D2B67A57200CA08E5 = {
			isa = PBXGroup;
			children = (
				6A05FB982B67A57200CA08E5 /* SearchBarSwiftUI */,
				6A05FB972B67A57200CA08E5 /* Products */,
			);
			sourceTree = "<group>";
		};
		6A05FB972B67A57200CA08E5 /* Products */ = {
			isa = PBXGroup;
			children = (
				6A05FB962B67A57200CA08E5 /* SearchBarSwiftUI.app */,
			);
			name = Products;
			sourceTree = "<group>";
		};
		6A05FB982B67A57200CA08E5 /* SearchBarSwiftUI */ = {
			isa = PBXGroup;
			children = (
				6A06E0742B6920A90096C7A9 /* Models */,
				6A06E06F2B691F2D0096C7A9 /* API */,
				6A05FBB02B67CFFB00CA08E5 /* NetworkManager */,
				6A05FB992B67A57200CA08E5 /* SearchBarSwiftUIApp.swift */,
				6A05FB9B2B67A57200CA08E5 /* ContentView.swift */,
				6A05FBAC2B67A73800CA08E5 /* SearchBarView.swift */,
				6A05FB9D2B67A57400CA08E5 /* Assets.xcassets */,
				6A05FBA22B67A57400CA08E5 /* Persistence.swift */,
				6A05FBA42B67A57400CA08E5 /* SearchBarSwiftUI.xcdatamodeld */,
				6A05FB9F2B67A57400CA08E5 /* Preview Content */,
				6AA722802B698BEA005FBB93 /* Constants.swift */,
			);
			path = SearchBarSwiftUI;
			sourceTree = "<group>";
		};
		6A05FB9F2B67A57400CA08E5 /* Preview Content */ = {
			isa = PBXGroup;
			children = (
				6A05FBA02B67A57400CA08E5 /* Preview Assets.xcassets */,
			);
			path = "Preview Content";
			sourceTree = "<group>";
		};
		6A05FBB02B67CFFB00CA08E5 /* NetworkManager */ = {
			isa = PBXGroup;
			children = (
				6A05FBAE2B67CFF400CA08E5 /* NetworkLayer.swift */,
			);
			path = NetworkManager;
			sourceTree = "<group>";
		};
		6A06E06F2B691F2D0096C7A9 /* API */ = {
			isa = PBXGroup;
			children = (
				6A06E0702B691F420096C7A9 /* HTTP.swift */,
				6A06E0722B691F5A0096C7A9 /* Endpoint.swift */,
			);
			path = API;
			sourceTree = "<group>";
		};
		6A06E0742B6920A90096C7A9 /* Models */ = {
			isa = PBXGroup;
			children = (
				6A06E0752B6920B30096C7A9 /* Post.swift */,
			);
			path = Models;
			sourceTree = "<group>";
		};
/* End PBXGroup section */

/* Begin PBXNativeTarget section */
		6A05FB952B67A57200CA08E5 /* SearchBarSwiftUI */ = {
			isa = PBXNativeTarget;
			buildConfigurationList = 6A05FBA92B67A57400CA08E5 /* Build configuration list for PBXNativeTarget "SearchBarSwiftUI" */;
			buildPhases = (
				6A05FB922B67A57200CA08E5 /* Sources */,
				6A05FB932B67A57200CA08E5 /* Frameworks */,
				6A05FB942B67A57200CA08E5 /* Resources */,
			);
			buildRules = (
			);
			dependencies = (
			);
			name = SearchBarSwiftUI;
			productName = SearchBarSwiftUI;
			productReference = 6A05FB962B67A57200CA08E5 /* SearchBarSwiftUI.app */;
			productType = "com.apple.product-type.application";
		};
/* End PBXNativeTarget section */

/* Begin PBXProject section */
		6A05FB8E2B67A57200CA08E5 /* Project object */ = {
			isa = PBXProject;
			attributes = {
				BuildIndependentTargetsInParallel = 1;
				LastSwiftUpdateCheck = 1520;
				LastUpgradeCheck = 1520;
				TargetAttributes = {
					6A05FB952B67A57200CA08E5 = {
						CreatedOnToolsVersion = 15.2;
					};
				};
			};
			buildConfigurationList = 6A05FB912B67A57200CA08E5 /* Build configuration list for PBXProject "SearchBarSwiftUI" */;
			compatibilityVersion = "Xcode 14.0";
			developmentRegion = en;
			hasScannedForEncodings = 0;
			knownRegions = (
				en,
				Base,
			);
			mainGroup = 6A05FB8D2B67A57200CA08E5;
			productRefGroup = 6A05FB972B67A57200CA08E5 /* Products */;
			projectDirPath = "";
			projectRoot = "";
			targets = (
				6A05FB952B67A57200CA08E5 /* SearchBarSwiftUI */,
			);
		};
/* End PBXProject section */

/* Begin PBXResourcesBuildPhase section */
		6A05FB942B67A57200CA08E5 /* Resources */ = {
			isa = PBXResourcesBuildPhase;
			buildActionMask = 2147483647;
			files = (
				6A05FBA12B67A57400CA08E5 /* Preview Assets.xcassets in Resources */,
				6A05FB9E2B67A57400CA08E5 /* Assets.xcassets in Resources */,
			);
			runOnlyForDeploymentPostprocessing = 0;
		};
/* End PBXResourcesBuildPhase section */

/* Begin PBXSourcesBuildPhase section */
		6A05FB922B67A57200CA08E5 /* Sources */ = {
			isa = PBXSourcesBuildPhase;
			buildActionMask = 2147483647;
			files = (
				6A05FBAF2B67CFF500CA08E5 /* NetworkLayer.swift in Sources */,
				6A05FBAD2B67A73800CA08E5 /* SearchBarView.swift in Sources */,
				6A06E0732B691F5A0096C7A9 /* Endpoint.swift in Sources */,
				6A06E0712B691F420096C7A9 /* HTTP.swift in Sources */,
				6A05FBA32B67A57400CA08E5 /* Persistence.swift in Sources */,
				6A05FB9C2B67A57200CA08E5 /* ContentView.swift in Sources */,
				6A05FB9A2B67A57200CA08E5 /* SearchBarSwiftUIApp.swift in Sources */,
				6AA722812B698BEA005FBB93 /* Constants.swift in Sources */,
				6A06E0762B6920B30096C7A9 /* Post.swift in Sources */,
				6A05FBA62B67A57400CA08E5 /* SearchBarSwiftUI.xcdatamodeld in Sources */,
			);
			runOnlyForDeploymentPostprocessing = 0;
		};
/* End PBXSourcesBuildPhase section */

/* Begin XCBuildConfiguration section */
		6A05FBA72B67A57400CA08E5 /* Debug */ = {
			isa = XCBuildConfiguration;
			buildSettings = {
				ALWAYS_SEARCH_USER_PATHS = NO;
				ASSETCATALOG_COMPILER_GENERATE_SWIFT_ASSET_SYMBOL_EXTENSIONS = YES;
				CLANG_ANALYZER_NONNULL = YES;
				CLANG_ANALYZER_NUMBER_OBJECT_CONVERSION = YES_AGGRESSIVE;
				CLANG_CXX_LANGUAGE_STANDARD = "gnu++20";
				CLANG_ENABLE_MODULES = YES;
				CLANG_ENABLE_OBJC_ARC = YES;
				CLANG_ENABLE_OBJC_WEAK = YES;
				CLANG_WARN_BLOCK_CAPTURE_AUTORELEASING = YES;
				CLANG_WARN_BOOL_CONVERSION = YES;
				CLANG_WARN_COMMA = YES;
				CLANG_WARN_CONSTANT_CONVERSION = YES;
				CLANG_WARN_DEPRECATED_OBJC_IMPLEMENTATIONS = YES;
				CLANG_WARN_DIRECT_OBJC_ISA_USAGE = YES_ERROR;
				CLANG_WARN_DOCUMENTATION_COMMENTS = YES;
				CLANG_WARN_EMPTY_BODY = YES;
				CLANG_WARN_ENUM_CONVERSION = YES;
				CLANG_WARN_INFINITE_RECURSION = YES;
				CLANG_WARN_INT_CONVERSION = YES;
				CLANG_WARN_NON_LITERAL_NULL_CONVERSION = YES;
				CLANG_WARN_OBJC_IMPLICIT_RETAIN_SELF = YES;
				CLANG_WARN_OBJC_LITERAL_CONVERSION = YES;
				CLANG_WARN_OBJC_ROOT_CLASS = YES_ERROR;
				CLANG_WARN_QUOTED_INCLUDE_IN_FRAMEWORK_HEADER = YES;
				CLANG_WARN_RANGE_LOOP_ANALYSIS = YES;
				CLANG_WARN_STRICT_PROTOTYPES = YES;
				CLANG_WARN_SUSPICIOUS_MOVE = YES;
				CLANG_WARN_UNGUARDED_AVAILABILITY = YES_AGGRESSIVE;
				CLANG_WARN_UNREACHABLE_CODE = YES;
				CLANG_WARN__DUPLICATE_METHOD_MATCH = YES;
				COPY_PHASE_STRIP = NO;
				DEBUG_INFORMATION_FORMAT = dwarf;
				ENABLE_STRICT_OBJC_MSGSEND = YES;
				ENABLE_TESTABILITY = YES;
				ENABLE_USER_SCRIPT_SANDBOXING = YES;
				GCC_C_LANGUAGE_STANDARD = gnu17;
				GCC_DYNAMIC_NO_PIC = NO;
				GCC_NO_COMMON_BLOCKS = YES;
				GCC_OPTIMIZATION_LEVEL = 0;
				GCC_PREPROCESSOR_DEFINITIONS = (
					"DEBUG=1",
					"$(inherited)",
				);
				GCC_WARN_64_TO_32_BIT_CONVERSION = YES;
				GCC_WARN_ABOUT_RETURN_TYPE = YES_ERROR;
				GCC_WARN_UNDECLARED_SELECTOR = YES;
				GCC_WARN_UNINITIALIZED_AUTOS = YES_AGGRESSIVE;
				GCC_WARN_UNUSED_FUNCTION = YES;
				GCC_WARN_UNUSED_VARIABLE = YES;
				IPHONEOS_DEPLOYMENT_TARGET = 17.2;
				LOCALIZATION_PREFERS_STRING_CATALOGS = YES;
				MTL_ENABLE_DEBUG_INFO = INCLUDE_SOURCE;
				MTL_FAST_MATH = YES;
				ONLY_ACTIVE_ARCH = YES;
				SDKROOT = iphoneos;
				SWIFT_ACTIVE_COMPILATION_CONDITIONS = "DEBUG $(inherited)";
				SWIFT_OPTIMIZATION_LEVEL = "-Onone";
			};
			name = Debug;
		};
		6A05FBA82B67A57400CA08E5 /* Release */ = {
			isa = XCBuildConfiguration;
			buildSettings = {
				ALWAYS_SEARCH_USER_PATHS = NO;
				ASSETCATALOG_COMPILER_GENERATE_SWIFT_ASSET_SYMBOL_EXTENSIONS = YES;
				CLANG_ANALYZER_NONNULL = YES;
				CLANG_ANALYZER_NUMBER_OBJECT_CONVERSION = YES_AGGRESSIVE;
				CLANG_CXX_LANGUAGE_STANDARD = "gnu++20";
				CLANG_ENABLE_MODULES = YES;
				CLANG_ENABLE_OBJC_ARC = YES;
				CLANG_ENABLE_OBJC_WEAK = YES;
				CLANG_WARN_BLOCK_CAPTURE_AUTORELEASING = YES;
				CLANG_WARN_BOOL_CONVERSION = YES;
				CLANG_WARN_COMMA = YES;
				CLANG_WARN_CONSTANT_CONVERSION = YES;
				CLANG_WARN_DEPRECATED_OBJC_IMPLEMENTATIONS = YES;
				CLANG_WARN_DIRECT_OBJC_ISA_USAGE = YES_ERROR;
				CLANG_WARN_DOCUMENTATION_COMMENTS = YES;
				CLANG_WARN_EMPTY_BODY = YES;
				CLANG_WARN_ENUM_CONVERSION = YES;
				CLANG_WARN_INFINITE_RECURSION = YES;
				CLANG_WARN_INT_CONVERSION = YES;
				CLANG_WARN_NON_LITERAL_NULL_CONVERSION = YES;
				CLANG_WARN_OBJC_IMPLICIT_RETAIN_SELF = YES;
				CLANG_WARN_OBJC_LITERAL_CONVERSION = YES;
				CLANG_WARN_OBJC_ROOT_CLASS = YES_ERROR;
				CLANG_WARN_QUOTED_INCLUDE_IN_FRAMEWORK_HEADER = YES;
				CLANG_WARN_RANGE_LOOP_ANALYSIS = YES;
				CLANG_WARN_STRICT_PROTOTYPES = YES;
				CLANG_WARN_SUSPICIOUS_MOVE = YES;
				CLANG_WARN_UNGUARDED_AVAILABILITY = YES_AGGRESSIVE;
				CLANG_WARN_UNREACHABLE_CODE = YES;
				CLANG_WARN__DUPLICATE_METHOD_MATCH = YES;
				COPY_PHASE_STRIP = NO;
				DEBUG_INFORMATION_FORMAT = "dwarf-with-dsym";
				ENABLE_NS_ASSERTIONS = NO;
				ENABLE_STRICT_OBJC_MSGSEND = YES;
				ENABLE_USER_SCRIPT_SANDBOXING = YES;
				GCC_C_LANGUAGE_STANDARD = gnu17;
				GCC_NO_COMMON_BLOCKS = YES;
				GCC_WARN_64_TO_32_BIT_CONVERSION = YES;
				GCC_WARN_ABOUT_RETURN_TYPE = YES_ERROR;
				GCC_WARN_UNDECLARED_SELECTOR = YES;
				GCC_WARN_UNINITIALIZED_AUTOS = YES_AGGRESSIVE;
				GCC_WARN_UNUSED_FUNCTION = YES;
				GCC_WARN_UNUSED_VARIABLE = YES;
				IPHONEOS_DEPLOYMENT_TARGET = 17.2;
				LOCALIZATION_PREFERS_STRING_CATALOGS = YES;
				MTL_ENABLE_DEBUG_INFO = NO;
				MTL_FAST_MATH = YES;
				SDKROOT = iphoneos;
				SWIFT_COMPILATION_MODE = wholemodule;
				VALIDATE_PRODUCT = YES;
			};
			name = Release;
		};
		6A05FBAA2B67A57400CA08E5 /* Debug */ = {
			isa = XCBuildConfiguration;
			buildSettings = {
				ASSETCATALOG_COMPILER_APPICON_NAME = AppIcon;
				ASSETCATALOG_COMPILER_GLOBAL_ACCENT_COLOR_NAME = AccentColor;
				CODE_SIGN_STYLE = Automatic;
				CURRENT_PROJECT_VERSION = 1;
				DEVELOPMENT_ASSET_PATHS = "\"SearchBarSwiftUI/Preview Content\"";
				DEVELOPMENT_TEAM = 597Z5W4L5N;
				ENABLE_PREVIEWS = YES;
				GENERATE_INFOPLIST_FILE = YES;
				INFOPLIST_KEY_UIApplicationSceneManifest_Generation = YES;
				INFOPLIST_KEY_UIApplicationSupportsIndirectInputEvents = YES;
				INFOPLIST_KEY_UILaunchScreen_Generation = YES;
				INFOPLIST_KEY_UISupportedInterfaceOrientations_iPad = "UIInterfaceOrientationPortrait UIInterfaceOrientationPortraitUpsideDown UIInterfaceOrientationLandscapeLeft UIInterfaceOrientationLandscapeRight";
				INFOPLIST_KEY_UISupportedInterfaceOrientations_iPhone = "UIInterfaceOrientationPortrait UIInterfaceOrientationLandscapeLeft UIInterfaceOrientationLandscapeRight";
				LD_RUNPATH_SEARCH_PATHS = (
					"$(inherited)",
					"@executable_path/Frameworks",
				);
				MARKETING_VERSION = 1.0;
				PRODUCT_BUNDLE_IDENTIFIER = com.zulfuakgunes.SearchBarSwiftUI;
				PRODUCT_NAME = "$(TARGET_NAME)";
				SWIFT_EMIT_LOC_STRINGS = YES;
				SWIFT_VERSION = 5.0;
				TARGETED_DEVICE_FAMILY = "1,2";
			};
			name = Debug;
		};
		6A05FBAB2B67A57400CA08E5 /* Release */ = {
			isa = XCBuildConfiguration;
			buildSettings = {
				ASSETCATALOG_COMPILER_APPICON_NAME = AppIcon;
				ASSETCATALOG_COMPILER_GLOBAL_ACCENT_COLOR_NAME = AccentColor;
				CODE_SIGN_STYLE = Automatic;
				CURRENT_PROJECT_VERSION = 1;
				DEVELOPMENT_ASSET_PATHS = "\"SearchBarSwiftUI/Preview Content\"";
				DEVELOPMENT_TEAM = 597Z5W4L5N;
				ENABLE_PREVIEWS = YES;
				GENERATE_INFOPLIST_FILE = YES;
				INFOPLIST_KEY_UIApplicationSceneManifest_Generation = YES;
				INFOPLIST_KEY_UIApplicationSupportsIndirectInputEvents = YES;
				INFOPLIST_KEY_UILaunchScreen_Generation = YES;
				INFOPLIST_KEY_UISupportedInterfaceOrientations_iPad = "UIInterfaceOrientationPortrait UIInterfaceOrientationPortraitUpsideDown UIInterfaceOrientationLandscapeLeft UIInterfaceOrientationLandscapeRight";
				INFOPLIST_KEY_UISupportedInterfaceOrientations_iPhone = "UIInterfaceOrientationPortrait UIInterfaceOrientationLandscapeLeft UIInterfaceOrientationLandscapeRight";
				LD_RUNPATH_SEARCH_PATHS = (
					"$(inherited)",
					"@executable_path/Frameworks",
				);
				MARKETING_VERSION = 1.0;
				PRODUCT_BUNDLE_IDENTIFIER = com.zulfuakgunes.SearchBarSwiftUI;
				PRODUCT_NAME = "$(TARGET_NAME)";
				SWIFT_EMIT_LOC_STRINGS = YES;
				SWIFT_VERSION = 5.0;
				TARGETED_DEVICE_FAMILY = "1,2";
			};
			name = Release;
		};
/* End XCBuildConfiguration section */

/* Begin XCConfigurationList section */
		6A05FB912B67A57200CA08E5 /* Build configuration list for PBXProject "SearchBarSwiftUI" */ = {
			isa = XCConfigurationList;
			buildConfigurations = (
				6A05FBA72B67A57400CA08E5 /* Debug */,
				6A05FBA82B67A57400CA08E5 /* Release */,
			);
			defaultConfigurationIsVisible = 0;
			defaultConfigurationName = Release;
		};
		6A05FBA92B67A57400CA08E5 /* Build configuration list for PBXNativeTarget "SearchBarSwiftUI" */ = {
			isa = XCConfigurationList;
			buildConfigurations = (
				6A05FBAA2B67A57400CA08E5 /* Debug */,
				6A05FBAB2B67A57400CA08E5 /* Release */,
			);
			defaultConfigurationIsVisible = 0;
			defaultConfigurationName = Release;
		};
/* End XCConfigurationList section */

/* Begin XCVersionGroup section */
		6A05FBA42B67A57400CA08E5 /* SearchBarSwiftUI.xcdatamodeld */ = {
			isa = XCVersionGroup;
			children = (
				6A05FBA52B67A57400CA08E5 /* SearchBarSwiftUI.xcdatamodel */,
			);
			currentVersion = 6A05FBA52B67A57400CA08E5 /* SearchBarSwiftUI.xcdatamodel */;
			path = SearchBarSwiftUI.xcdatamodeld;
			sourceTree = "<group>";
			versionGroupType = wrapper.xcdatamodel;
		};
/* End XCVersionGroup section */
	};
	rootObject = 6A05FB8E2B67A57200CA08E5 /* Project object */;
}
